github.com/autobar-dev/shared-libraries/go/shared-utils v0.0.0-20230827185717-1191d524c2bf h1:/Jv152NMztZapHkGNGQ0UpRC6xyULIz6ffcI4wPYaV4=
github.com/autobar-dev/shared-libraries/go/shared-utils v0.0.0-20230827185717-1191d524c2bf/go.mod h1:a1rDCSufMAVKQNUTf9mJZFSo+Zb0SW/4U585rxrpi7k=
github.com/autobar-dev/shared-libraries/go/shared-utils v0.0.0-20230901220227-eee44d355331 h1:H18H5tIQgvrhDeX/TbL+jLPUtnb8hPWQ9vlJZMWG2eY=
github.com/autobar-dev/shared-libraries/go/shared-utils v0.0.0-20230901220227-eee44d355331/go.mod h1:a1rDCSufMAVKQNUTf9mJZFSo+Zb0SW/4U585rxrpi7k=
github.com/autobar-dev/shared-libraries/go/shared-utils v0.0.0-20230902161614-4cf00e361d0e h1:V2+K2q6lVJYrn1Iw0/jCHCHq5t1z8Yd1Fl6Vxi7qJwU=
github.com/autobar-dev/shared-libraries/go/shared-utils v0.0.0-20230902161614-4cf00e361d0e/go.mod h1:a1rDCSufMAVKQNUTf9mJZFSo+Zb0SW/4U585rxrpi7k=
