github.com/autobar-dev/shared-libraries/go/file-repository v0.0.0-20231019105717-58ea9ed5f03d h1:T5y1hfC6omaIQAVwZlLsgoyyQDzDfQt2T2A3HBkoutk=
github.com/autobar-dev/shared-libraries/go/file-repository v0.0.0-20231019105717-58ea9ed5f03d/go.mod h1:cFr7GSBmGO8TDzQo75xH0LVjzdwjC5U7wijlMsIgzfY=
github.com/autobar-dev/shared-libraries/go/file-repository v0.0.0-20260305161326-b0c12750bd2c h1:SQlRMa0JzjesLclSFLq0OVSOTuzxg1vLGnm+DtbERvk=
github.com/autobar-dev/shared-libraries/go/file-repository v0.0.0-20260305161326-b0c12750bd2c/go.mod h1:cFr7GSBmGO8TDzQo75xH0LVjzdwjC5U7wijlMsIgzfY=
github.com/autobar-dev/shared-libraries/go/shared-utils v0.0.0-20230906220457-9b9db8991f98 h1:Qn10nDU75dnoxvtlLaF5QEkjATH6kz6a74lw29Vx+W8=
github.com/autobar-dev/shared-libraries/go/shared-utils v0.0.0-20230906220457-9b9db8991f98/go.mod h1:a1rDCSufMAVKQNUTf9mJZFSo+Zb0SW/4U585rxrpi7k=
github.com/autobar-dev/shared-libraries/go/shared-utils v0.0.0-20231019105420-bb6feaaeef8e h1:TW+TtjhbUx+0Wf0VWXCtKG54K86pE3VCJS8JfFKqJYY=
github.com/autobar-dev/shared-libraries/go/shared-utils v0.0.0-20231019105420-bb6feaaeef8e/go.mod h1:a1rDCSufMAVKQNUTf9mJZFSo+Zb0SW/4U585rxrpi7k=
