github.com/autobar-dev/shared-libraries/go/shared-utils v0.0.0-20230827185717-1191d524c2bf h1:/Jv152NMztZapHkGNGQ0UpRC6xyULIz6ffcI4wPYaV4=
github.com/autobar-dev/shared-libraries/go/shared-utils v0.0.0-20230827185717-1191d524c2bf/go.mod h1:a1rDCSufMAVKQNUTf9mJZFSo+Zb0SW/4U585rxrpi7k=
github.com/autobar-dev/shared-libraries/go/shared-utils v0.0.0-20230827192551-4404d5b40deb h1:CP4jy95SrTLZNt/gsFit6IxHXAMq4a1LRaOmfk/C1Jg=
github.com/autobar-dev/shared-libraries/go/shared-utils v0.0.0-20230827192551-4404d5b40deb/go.mod h1:a1rDCSufMAVKQNUTf9mJZFSo+Zb0SW/4U585rxrpi7k=
