github.com/autobar-dev/shared-libraries/go/shared-utils v0.0.0-20230906220457-9b9db8991f98 h1:Qn10nDU75dnoxvtlLaF5QEkjATH6kz6a74lw29Vx+W8=
github.com/autobar-dev/shared-libraries/go/shared-utils v0.0.0-20230906220457-9b9db8991f98/go.mod h1:a1rDCSufMAVKQNUTf9mJZFSo+Zb0SW/4U585rxrpi7k=
github.com/autobar-dev/shared-libraries/go/shared-utils v0.0.0-20231012102105-bac2fe0aea50 h1:vZ3SDP8i9XaGBotFwWVGJ3YRGGYBEB9KG3hNaI+3qO8=
github.com/autobar-dev/shared-libraries/go/shared-utils v0.0.0-20231012102105-bac2fe0aea50/go.mod h1:a1rDCSufMAVKQNUTf9mJZFSo+Zb0SW/4U585rxrpi7k=
github.com/autobar-dev/shared-libraries/go/shared-utils v0.0.0-20231019105420-bb6feaaeef8e h1:TW+TtjhbUx+0Wf0VWXCtKG54K86pE3VCJS8JfFKqJYY=
github.com/autobar-dev/shared-libraries/go/shared-utils v0.0.0-20231019105420-bb6feaaeef8e/go.mod h1:a1rDCSufMAVKQNUTf9mJZFSo+Zb0SW/4U585rxrpi7k=
